{
  "name": "pray",
  "lockfileVersion": 3,
  "requires": true,
  "packages": {
    "": {
      "name": "pray",
      "devDependencies": {
        "ical.js": "^2.1.0"
      }
    },
    "node_modules/ical.js": {
      "version": "2.2.1",
      "resolved": "https://registry.npmjs.org/ical.js/-/ical.js-2.2.1.tgz",
      "integrity": "sha512-yK/UlPbEs316igb/tjRgbFA8ZV75rCsBJp/hWOatpyaPNlgw0dGDmU+FoicOcwX4xXkeXOkYiOmCqNPFpNPkQg==",
      "dev": true,
      "license": "MPL-2.0"
    }
  }
}
